
Microsoft Visual Studio Solution File, Format Version 12.00
# Visual Studio 2013
VisualStudioVersion = 12.0.31101.0
MinimumVisualStudioVersion = 10.0.40219.1
Project("{FAE04EC0-301F-11D3-BF4B-00C04F79EFBC}") = "Lazy", "Lazy.csproj", "{AA37CDA4-7303-4C77-BC69-3603C206B8B0}"
EndProject
Project("{FAE04EC0-301F-11D3-BF4B-00C04F79EFBC}") = "UnitTests", "..\UnitTests\UnitTests.csproj", "{E8B9A6F3-98D4-481E-94F2-25C36DA4873F}"
EndProject
Global
	GlobalSection(SolutionConfigurationPlatforms) = preSolution
		Debug|Any CPU = Debug|Any CPU
		Release|Any CPU = Release|Any CPU
	EndGlobalSection
	GlobalSection(ProjectConfigurationPlatforms) = postSolution
		{AA37CDA4-7303-4C77-BC69-3603C206B8B0}.Debug|Any CPU.ActiveCfg = Debug|Any CPU
		{AA37CDA4-7303-4C77-BC69-3603C206B8B0}.Debug|Any CPU.Build.0 = Debug|Any CPU
		{AA37CDA4-7303-4C77-BC69-3603C206B8B0}.Release|Any CPU.ActiveCfg = Release|Any CPU
		{AA37CDA4-7303-4C77-BC69-3603C206B8B0}.Release|Any CPU.Build.0 = Release|Any CPU
		{E8B9A6F3-98D4-481E-94F2-25C36DA4873F}.Debug|Any CPU.ActiveCfg = Debug|Any CPU
		{E8B9A6F3-98D4-481E-94F2-25C36DA4873F}.Debug|Any CPU.Build.0 = Debug|Any CPU
		{E8B9A6F3-98D4-481E-94F2-25C36DA4873F}.Release|Any CPU.ActiveCfg = Release|Any CPU
		{E8B9A6F3-98D4-481E-94F2-25C36DA4873F}.Release|Any CPU.Build.0 = Release|Any CPU
	EndGlobalSection
	GlobalSection(SolutionProperties) = preSolution
		HideSolutionNode = FALSE
	EndGlobalSection
EndGlobal
